# This file is automatically @generated by Cargo.
# It is not intended for manual editing.
version = 4

[[package]]
name = "aprs-transport-aprs-is"
version = "1.1.0"
source = "registry+https://github.com/rust-lang/crates.io-index"
checksum = "7f85b053f19420a6f1447b9d5a03cea9a3f9a3d97a0f42540711956f126b3de4"
dependencies = [
 "libaprs-engine",
]

[[package]]
name = "aprs-transport-async"
version = "1.1.0"
source = "registry+https://github.com/rust-lang/crates.io-index"
checksum = "045886937a80db176f660b304ba101f5a61f596dc4e21411faca95a0288346ed"
dependencies = [
 "libaprs-engine",
]

[[package]]
name = "aprs-transport-ax25"
version = "1.1.0"
source = "registry+https://github.com/rust-lang/crates.io-index"
checksum = "5ce06cfeb29e508d1e693a6e28f2cfdc37f7703275842d6c097d2749a603a5f3"
dependencies = [
 "libaprs-engine",
]

[[package]]
name = "aprs-transport-channel"
version = "1.1.0"
source = "registry+https://github.com/rust-lang/crates.io-index"
checksum = "cb8d626e630000b6b78acd780b499a45ca9ced85f5217ea9de42fefecbc43619"
dependencies = [
 "libaprs-engine",
]

[[package]]
name = "aprs-transport-corpus"
version = "1.1.0"
source = "registry+https://github.com/rust-lang/crates.io-index"
checksum = "77dc3218a5509f46a3467f96d754640169c5e1ed7879d6357f7af6b30a328167"
dependencies = [
 "libaprs-engine",
]

[[package]]
name = "aprs-transport-file"
version = "1.1.0"
source = "registry+https://github.com/rust-lang/crates.io-index"
checksum = "f4c246a1e229307c8509c6e6849c38ec0a582d350b3542fed364c7b5db153f95"
dependencies = [
 "libaprs-engine",
]

[[package]]
name = "aprs-transport-file-watch"
version = "1.1.0"
source = "registry+https://github.com/rust-lang/crates.io-index"
checksum = "7018e15eecff4253b3d7e8e8fba3a52bef925e8bbbf726ce236dc59612d8926e"
dependencies = [
 "libaprs-engine",
]

[[package]]
name = "aprs-transport-http"
version = "1.1.0"
source = "registry+https://github.com/rust-lang/crates.io-index"
checksum = "1794c3fb2ed0307559ef009f2929aa1cf95ee8d779af621184c1d79e96d515aa"
dependencies = [
 "libaprs-engine",
]

[[package]]
name = "aprs-transport-kiss"
version = "1.1.0"
source = "registry+https://github.com/rust-lang/crates.io-index"
checksum = "dacf1c7ce85eb87517bd971a142b878d730a71681936791c2ae0e46b457b5b30"
dependencies = [
 "libaprs-engine",
]

[[package]]
name = "aprs-transport-mqtt"
version = "1.1.0"
source = "registry+https://github.com/rust-lang/crates.io-index"
checksum = "56f3529d11ab4af17cff280b147cc9dee931e0e5795f54d4fb87eaefcdb6e815"
dependencies = [
 "libaprs-engine",
]

[[package]]
name = "aprs-transport-serial"
version = "1.1.0"
source = "registry+https://github.com/rust-lang/crates.io-index"
checksum = "1b6e5e1a20abb4d1fc6bb32eb04d67162b87b9dd289778c444cd54632e2cde59"
dependencies = [
 "libaprs-engine",
]

[[package]]
name = "aprs-transport-tcp"
version = "1.1.0"
source = "registry+https://github.com/rust-lang/crates.io-index"
checksum = "a1f807cbf39e833a49ea366b34754678883c71f37e57a2298c148b0d2e549605"
dependencies = [
 "libaprs-engine",
]

[[package]]
name = "aprs-transport-udp"
version = "1.1.0"
source = "registry+https://github.com/rust-lang/crates.io-index"
checksum = "d8ee47eabb1e36a84a37bea4ae4ee5f43c708f9c679e0aa2d91b14c774198c56"
dependencies = [
 "libaprs-engine",
]

[[package]]
name = "libaprs-engine"
version = "1.1.0"
source = "registry+https://github.com/rust-lang/crates.io-index"
checksum = "455fb2eb27b249be4654f1b6df6d1da0b9654a42a798d0435939f3f3323c3af9"

[[package]]
name = "libaprs-engine-downstream-smoke"
version = "0.1.0"
dependencies = [
 "aprs-transport-aprs-is",
 "aprs-transport-async",
 "aprs-transport-ax25",
 "aprs-transport-channel",
 "aprs-transport-corpus",
 "aprs-transport-file",
 "aprs-transport-file-watch",
 "aprs-transport-http",
 "aprs-transport-kiss",
 "aprs-transport-mqtt",
 "aprs-transport-serial",
 "aprs-transport-tcp",
 "aprs-transport-udp",
 "libaprs-engine",
]
