# This file is automatically @generated by Cargo.
# It is not intended for manual editing.
version = 4

[[package]]
name = "aprs-transport-aprs-is"
version = "0.2.0"
source = "registry+https://github.com/rust-lang/crates.io-index"
checksum = "fd394b71d7a9599a7ba37e3697f24e3f70e59acb8c36edcb97f683c94364cc2c"
dependencies = [
 "libaprs-engine",
]

[[package]]
name = "aprs-transport-async"
version = "0.2.0"
source = "registry+https://github.com/rust-lang/crates.io-index"
checksum = "46416c0019a6d58afd8817bef5009d605b7dfe18ba4db1bcfb84627493f7e0da"
dependencies = [
 "libaprs-engine",
]

[[package]]
name = "aprs-transport-ax25"
version = "0.2.0"
source = "registry+https://github.com/rust-lang/crates.io-index"
checksum = "6ac3651f0b54d6140d7935c22aba0d24bbb164fdbc074838c0d2a08b7945cdd1"
dependencies = [
 "libaprs-engine",
]

[[package]]
name = "aprs-transport-channel"
version = "0.2.0"
source = "registry+https://github.com/rust-lang/crates.io-index"
checksum = "45547c23a57c922f56a25de5bdc05f8fbf95f1d8d6fb824b3be4895c37bdc4b9"
dependencies = [
 "libaprs-engine",
]

[[package]]
name = "aprs-transport-corpus"
version = "0.2.0"
source = "registry+https://github.com/rust-lang/crates.io-index"
checksum = "b40dbbe265954dd40ed64bea6583c5d3bb9fb9a843ceff1fd723a5c4e6750ad4"
dependencies = [
 "libaprs-engine",
]

[[package]]
name = "aprs-transport-file"
version = "0.2.0"
source = "registry+https://github.com/rust-lang/crates.io-index"
checksum = "63084e519335fd186aa75580eef3d7e765154952ea1975477e14c943d2398de2"
dependencies = [
 "libaprs-engine",
]

[[package]]
name = "aprs-transport-file-watch"
version = "0.2.0"
source = "registry+https://github.com/rust-lang/crates.io-index"
checksum = "14761dcda0784c425b44da3d2e3768b1e55eca9e92199a7a17d78be679831abd"
dependencies = [
 "libaprs-engine",
]

[[package]]
name = "aprs-transport-http"
version = "0.2.0"
source = "registry+https://github.com/rust-lang/crates.io-index"
checksum = "fdb7877969c8922bbd38aa9a6cfb0f1aec437835f68f14cce94ca6b665b3a49a"
dependencies = [
 "libaprs-engine",
]

[[package]]
name = "aprs-transport-kiss"
version = "0.2.0"
source = "registry+https://github.com/rust-lang/crates.io-index"
checksum = "d04c598b128e2e44226415bf3077b1e2ad67150e30ee27eb65936bdd1a4d5adb"
dependencies = [
 "libaprs-engine",
]

[[package]]
name = "aprs-transport-mqtt"
version = "0.2.0"
source = "registry+https://github.com/rust-lang/crates.io-index"
checksum = "c36bed029b2ba7d94527e828323f3f0082132580cf86b9dda19c31246cddb3b7"
dependencies = [
 "libaprs-engine",
]

[[package]]
name = "aprs-transport-serial"
version = "0.2.0"
source = "registry+https://github.com/rust-lang/crates.io-index"
checksum = "72d54ca0991921909cd61356d3a9fad686c7ae2f0689e9a7b86d14585348c18f"
dependencies = [
 "libaprs-engine",
]

[[package]]
name = "aprs-transport-tcp"
version = "0.2.0"
source = "registry+https://github.com/rust-lang/crates.io-index"
checksum = "f4593999df9e0868d1b9ac0f0a911e094c45ac76fa4cf5a24ade8bd2563ac5e3"
dependencies = [
 "libaprs-engine",
]

[[package]]
name = "aprs-transport-udp"
version = "0.2.0"
source = "registry+https://github.com/rust-lang/crates.io-index"
checksum = "bf7f9b406575e95e990af6040be88475e3a55b6a588a75812294f1f0d308ed58"
dependencies = [
 "libaprs-engine",
]

[[package]]
name = "libaprs-engine"
version = "0.2.0"
source = "registry+https://github.com/rust-lang/crates.io-index"
checksum = "71e2b8009309847d73ab0cf6c9b131de053748509bc5774bffb5a43e9698fb37"

[[package]]
name = "libaprs-engine-downstream-smoke"
version = "0.1.0"
dependencies = [
 "aprs-transport-aprs-is",
 "aprs-transport-async",
 "aprs-transport-ax25",
 "aprs-transport-channel",
 "aprs-transport-corpus",
 "aprs-transport-file",
 "aprs-transport-file-watch",
 "aprs-transport-http",
 "aprs-transport-kiss",
 "aprs-transport-mqtt",
 "aprs-transport-serial",
 "aprs-transport-tcp",
 "aprs-transport-udp",
 "libaprs-engine",
]
