# This file is automatically @generated by Cargo.
# It is not intended for manual editing.
version = 4

[[package]]
name = "aprs-transport-aprs-is"
version = "2.6.0"
source = "registry+https://github.com/rust-lang/crates.io-index"
checksum = "d75a3b01e0121ee19d5f2f05ffdfbae68be485db7e672d0133912610be9327e4"
dependencies = [
 "libaprs-engine",
]

[[package]]
name = "aprs-transport-async"
version = "2.6.0"
source = "registry+https://github.com/rust-lang/crates.io-index"
checksum = "f86822db6230e25e0111410c543519cba20aed5e12b30e4b5c8d8e53b9ce2148"
dependencies = [
 "libaprs-engine",
]

[[package]]
name = "aprs-transport-ax25"
version = "2.6.0"
source = "registry+https://github.com/rust-lang/crates.io-index"
checksum = "b67cc155a2acf4ebab73156c1e9c571a9309a1636f0d65fd9fed6ae0b2a1a6dd"
dependencies = [
 "libaprs-engine",
]

[[package]]
name = "aprs-transport-channel"
version = "2.6.0"
source = "registry+https://github.com/rust-lang/crates.io-index"
checksum = "4ed97bfa5cb0f1f887d6f440c3e11e552217f6709e08655790926c49a42758be"
dependencies = [
 "libaprs-engine",
]

[[package]]
name = "aprs-transport-corpus"
version = "2.6.0"
source = "registry+https://github.com/rust-lang/crates.io-index"
checksum = "b799fc06cdbc28a37c6a7518f5e8bf32462afc56a4fa846d874913cafbcf0964"
dependencies = [
 "libaprs-engine",
]

[[package]]
name = "aprs-transport-file"
version = "2.6.0"
source = "registry+https://github.com/rust-lang/crates.io-index"
checksum = "8718152cee0e9303ddda9a425f1f42a3387f7b2baf679382fae39b2bf3aaade2"
dependencies = [
 "libaprs-engine",
]

[[package]]
name = "aprs-transport-file-watch"
version = "2.6.0"
source = "registry+https://github.com/rust-lang/crates.io-index"
checksum = "e977ed8d16c06323c44faa7681f5c4f6cb2da6d83168cb9de811fc197facb45d"
dependencies = [
 "libaprs-engine",
]

[[package]]
name = "aprs-transport-http"
version = "2.6.0"
source = "registry+https://github.com/rust-lang/crates.io-index"
checksum = "fd7c7aea46ac2bdd77038b692a1c4820d55333e4b90c9f217f09daf57a1dbabc"
dependencies = [
 "libaprs-engine",
]

[[package]]
name = "aprs-transport-kiss"
version = "2.6.0"
source = "registry+https://github.com/rust-lang/crates.io-index"
checksum = "d5245d8c50b0f32682b863a68e0fb76a6ea3cf7529450bb1f53aa81353b82508"
dependencies = [
 "libaprs-engine",
]

[[package]]
name = "aprs-transport-mqtt"
version = "2.6.0"
source = "registry+https://github.com/rust-lang/crates.io-index"
checksum = "585afefb510a25c86b1cc2d7a77ceb554d9a05ac49c01696c710bd67d05cd636"
dependencies = [
 "libaprs-engine",
]

[[package]]
name = "aprs-transport-serial"
version = "2.6.0"
source = "registry+https://github.com/rust-lang/crates.io-index"
checksum = "61a0a2a14063ff13f72a34db5505bde4e8fe29a29a1ea69fe5207ee05d328b4f"
dependencies = [
 "libaprs-engine",
]

[[package]]
name = "aprs-transport-tcp"
version = "2.6.0"
source = "registry+https://github.com/rust-lang/crates.io-index"
checksum = "a0f947c5763c5c1bcf9d0d53ad7b6bad6456a118b64dbbaae16dca29cc90dd4e"
dependencies = [
 "libaprs-engine",
]

[[package]]
name = "aprs-transport-udp"
version = "2.6.0"
source = "registry+https://github.com/rust-lang/crates.io-index"
checksum = "3ba0f5c373111671b9184d6cacf6a0951342b0efd43e760007306641f51cdb07"
dependencies = [
 "libaprs-engine",
]

[[package]]
name = "libaprs-engine"
version = "2.6.0"
source = "registry+https://github.com/rust-lang/crates.io-index"
checksum = "68c01c803c919b2b476169b28027b86fb3f80a56aa8752e25d55cc35f725a23d"
dependencies = [
 "serde",
]

[[package]]
name = "libaprs-engine-downstream-smoke"
version = "0.1.0"
dependencies = [
 "aprs-transport-aprs-is",
 "aprs-transport-async",
 "aprs-transport-ax25",
 "aprs-transport-channel",
 "aprs-transport-corpus",
 "aprs-transport-file",
 "aprs-transport-file-watch",
 "aprs-transport-http",
 "aprs-transport-kiss",
 "aprs-transport-mqtt",
 "aprs-transport-serial",
 "aprs-transport-tcp",
 "aprs-transport-udp",
 "libaprs-engine",
]

[[package]]
name = "proc-macro2"
version = "1.0.106"
source = "registry+https://github.com/rust-lang/crates.io-index"
checksum = "8fd00f0bb2e90d81d1044c2b32617f68fcb9fa3bb7640c23e9c748e53fb30934"
dependencies = [
 "unicode-ident",
]

[[package]]
name = "quote"
version = "1.0.45"
source = "registry+https://github.com/rust-lang/crates.io-index"
checksum = "41f2619966050689382d2b44f664f4bc593e129785a36d6ee376ddf37259b924"
dependencies = [
 "proc-macro2",
]

[[package]]
name = "serde"
version = "1.0.228"
source = "registry+https://github.com/rust-lang/crates.io-index"
checksum = "9a8e94ea7f378bd32cbbd37198a4a91436180c5bb472411e48b5ec2e2124ae9e"
dependencies = [
 "serde_core",
 "serde_derive",
]

[[package]]
name = "serde_core"
version = "1.0.228"
source = "registry+https://github.com/rust-lang/crates.io-index"
checksum = "41d385c7d4ca58e59fc732af25c3983b67ac852c1a25000afe1175de458b67ad"
dependencies = [
 "serde_derive",
]

[[package]]
name = "serde_derive"
version = "1.0.228"
source = "registry+https://github.com/rust-lang/crates.io-index"
checksum = "d540f220d3187173da220f885ab66608367b6574e925011a9353e4badda91d79"
dependencies = [
 "proc-macro2",
 "quote",
 "syn",
]

[[package]]
name = "syn"
version = "2.0.117"
source = "registry+https://github.com/rust-lang/crates.io-index"
checksum = "e665b8803e7b1d2a727f4023456bbbbe74da67099c585258af0ad9c5013b9b99"
dependencies = [
 "proc-macro2",
 "quote",
 "unicode-ident",
]

[[package]]
name = "unicode-ident"
version = "1.0.24"
source = "registry+https://github.com/rust-lang/crates.io-index"
checksum = "e6e4313cd5fcd3dad5cafa179702e2b244f760991f45397d14d4ebf38247da75"
